
Microsoft Visual Studio Solution File, Format Version 12.00
# Visual Studio Version 17
VisualStudioVersion = 17.9.34902.65
MinimumVisualStudioVersion = 10.0.40219.1
Project("{FAE04EC0-301F-11D3-BF4B-00C04F79EFBC}") = "RecipeManager", "RecipeManager.csproj", "{D2F22F9E-B621-43DD-9C8B-29C5CA1DCA9B}"
EndProject
Global
	GlobalSection(SolutionConfigurationPlatforms) = preSolution
		Debug|Any CPU = Debug|Any CPU
		Release|Any CPU = Release|Any CPU
	EndGlobalSection
	GlobalSection(ProjectConfigurationPlatforms) = postSolution
		{D2F22F9E-B621-43DD-9C8B-29C5CA1DCA9B}.Debug|Any CPU.ActiveCfg = Debug|Any CPU
		{D2F22F9E-B621-43DD-9C8B-29C5CA1DCA9B}.Debug|Any CPU.Build.0 = Debug|Any CPU
		{D2F22F9E-B621-43DD-9C8B-29C5CA1DCA9B}.Release|Any CPU.ActiveCfg = Release|Any CPU
		{D2F22F9E-B621-43DD-9C8B-29C5CA1DCA9B}.Release|Any CPU.Build.0 = Release|Any CPU
	EndGlobalSection
	GlobalSection(SolutionProperties) = preSolution
		HideSolutionNode = FALSE
	EndGlobalSection
	GlobalSection(ExtensibilityGlobals) = postSolution
		SolutionGuid = {E8BFC74B-B801-4B37-BE00-6E207A6A821E}
	EndGlobalSection
EndGlobal
